# THIS IS AN AUTOGENERATED FILE. DO NOT EDIT THIS FILE DIRECTLY.
# yarn lockfile v1


"@microsoft/fetch-event-source@^2.0.1":
  version "2.0.1"
  resolved "https://registry.npmmirror.com/@microsoft/fetch-event-source/-/fetch-event-source-2.0.1.tgz#9ceecc94b49fbaa15666e38ae8587f64acce007d"
  integrity sha512-W6CLUJ2eBMw3Rec70qrsEW0jOm/3twwJv21mrmj2yORiaVmVYGS4sSS5yUwvQc1ZlDLYGPnClVWmUUMagKNsfA==

uuid@^11.1.0:
  version "11.1.0"
  resolved "https://registry.npmmirror.com/uuid/-/uuid-11.1.0.tgz#9549028be1753bb934fc96e2bca09bb4105ae912"
  integrity sha512-0/A9rDy9P7cJ+8w1c9WD9V//9Wj15Ce2MPz8Ri6032usz+NfePxx5AcN3bN+r6ZL6jEo066/yNYB3tn4pQEx+A==
