# THIS IS AN AUTOGENERATED FILE. DO NOT EDIT THIS FILE DIRECTLY.
# yarn lockfile v1


"@microsoft/fetch-event-source@^2.0.1":
  version "2.0.1"
  resolved "https://registry.npmmirror.com/@microsoft/fetch-event-source/-/fetch-event-source-2.0.1.tgz#9ceecc94b49fbaa15666e38ae8587f64acce007d"
  integrity sha512-W6CLUJ2eBMw3Rec70qrsEW0jOm/3twwJv21mrmj2yORiaVmVYGS4sSS5yUwvQc1ZlDLYGPnClVWmUUMagKNsfA==

commander@^8.3.0:
  version "8.3.0"
  resolved "https://registry.npmmirror.com/commander/-/commander-8.3.0.tgz#4837ea1b2da67b9c616a67afbb0fafee567bca66"
  integrity sha512-OkTL9umf+He2DZkUq8f8J9of7yL6RJKI24dVITBmNfZBmri9zYZQrKkuXiKhyfPSu8tUhnVBB1iKXevvnlR4Ww==

katex@^0.16.0:
  version "0.16.22"
  resolved "https://registry.npmmirror.com/katex/-/katex-0.16.22.tgz#d2b3d66464b1e6d69e6463b28a86ced5a02c5ccd"
  integrity sha512-XCHRdUw4lf3SKBaJe4EvgqIuWwkPSo9XoeO8GjQW94Bp7TWv9hNhzZjZ+OH9yf1UmLygb7DIT5GSFQiyt16zYg==
  dependencies:
    commander "^8.3.0"

uuid@^11.1.0:
  version "11.1.0"
  resolved "https://registry.npmmirror.com/uuid/-/uuid-11.1.0.tgz#9549028be1753bb934fc96e2bca09bb4105ae912"
  integrity sha512-0/A9rDy9P7cJ+8w1c9WD9V//9Wj15Ce2MPz8Ri6032usz+NfePxx5AcN3bN+r6ZL6jEo066/yNYB3tn4pQEx+A==
